
Microsoft Visual Studio Solution File, Format Version 12.00
# Visual Studio Version 17
VisualStudioVersion = 17.13.35919.96
MinimumVisualStudioVersion = 10.0.40219.1
Project("{FAE04EC0-301F-11D3-BF4B-00C04F79EFBC}") = "TCPIP_SocketProgramming", "TCPIP_SocketProgramming\TCPIP_SocketProgramming.csproj", "{C226084B-0CB0-4C30-A7D9-D94CAB4F051C}"
EndProject
Project("{FAE04EC0-301F-11D3-BF4B-00C04F79EFBC}") = "SocketServerStart", "SocketServerStart\SocketServerStart.csproj", "{2DA2AC4C-A8A5-471E-A845-56C53CF3BEC1}"
EndProject
Project("{FAE04EC0-301F-11D3-BF4B-00C04F79EFBC}") = "SocketClientStart", "SocketClientStart\SocketClientStart.csproj", "{B4AB7BEA-0411-45C2-81C3-D0F88A225A80}"
EndProject
Project("{FAE04EC0-301F-11D3-BF4B-00C04F79EFBC}") = "AsyncSocketServer", "AsyncSocketServer\AsyncSocketServer.csproj", "{40636FA8-AA68-4C17-9DD4-79101D15B037}"
EndProject
Project("{FAE04EC0-301F-11D3-BF4B-00C04F79EFBC}") = "BibliotecaSocketAsync", "BibliotecaSocketAsync\BibliotecaSocketAsync.csproj", "{E508D34B-A648-4F09-9CE2-152B2DF5DE6F}"
EndProject
Project("{FAE04EC0-301F-11D3-BF4B-00C04F79EFBC}") = "AsyncSocketClient", "AsyncSocketClient\AsyncSocketClient.csproj", "{5D4D5EB0-D0E8-41A4-A670-4325071EDDFC}"
EndProject
Global
	GlobalSection(SolutionConfigurationPlatforms) = preSolution
		Debug|Any CPU = Debug|Any CPU
		Release|Any CPU = Release|Any CPU
	EndGlobalSection
	GlobalSection(ProjectConfigurationPlatforms) = postSolution
		{C226084B-0CB0-4C30-A7D9-D94CAB4F051C}.Debug|Any CPU.ActiveCfg = Debug|Any CPU
		{C226084B-0CB0-4C30-A7D9-D94CAB4F051C}.Debug|Any CPU.Build.0 = Debug|Any CPU
		{C226084B-0CB0-4C30-A7D9-D94CAB4F051C}.Release|Any CPU.ActiveCfg = Release|Any CPU
		{C226084B-0CB0-4C30-A7D9-D94CAB4F051C}.Release|Any CPU.Build.0 = Release|Any CPU
		{2DA2AC4C-A8A5-471E-A845-56C53CF3BEC1}.Debug|Any CPU.ActiveCfg = Debug|Any CPU
		{2DA2AC4C-A8A5-471E-A845-56C53CF3BEC1}.Debug|Any CPU.Build.0 = Debug|Any CPU
		{2DA2AC4C-A8A5-471E-A845-56C53CF3BEC1}.Release|Any CPU.ActiveCfg = Release|Any CPU
		{2DA2AC4C-A8A5-471E-A845-56C53CF3BEC1}.Release|Any CPU.Build.0 = Release|Any CPU
		{B4AB7BEA-0411-45C2-81C3-D0F88A225A80}.Debug|Any CPU.ActiveCfg = Debug|Any CPU
		{B4AB7BEA-0411-45C2-81C3-D0F88A225A80}.Debug|Any CPU.Build.0 = Debug|Any CPU
		{B4AB7BEA-0411-45C2-81C3-D0F88A225A80}.Release|Any CPU.ActiveCfg = Release|Any CPU
		{B4AB7BEA-0411-45C2-81C3-D0F88A225A80}.Release|Any CPU.Build.0 = Release|Any CPU
		{40636FA8-AA68-4C17-9DD4-79101D15B037}.Debug|Any CPU.ActiveCfg = Debug|Any CPU
		{40636FA8-AA68-4C17-9DD4-79101D15B037}.Debug|Any CPU.Build.0 = Debug|Any CPU
		{40636FA8-AA68-4C17-9DD4-79101D15B037}.Release|Any CPU.ActiveCfg = Release|Any CPU
		{40636FA8-AA68-4C17-9DD4-79101D15B037}.Release|Any CPU.Build.0 = Release|Any CPU
		{E508D34B-A648-4F09-9CE2-152B2DF5DE6F}.Debug|Any CPU.ActiveCfg = Debug|Any CPU
		{E508D34B-A648-4F09-9CE2-152B2DF5DE6F}.Debug|Any CPU.Build.0 = Debug|Any CPU
		{E508D34B-A648-4F09-9CE2-152B2DF5DE6F}.Release|Any CPU.ActiveCfg = Release|Any CPU
		{E508D34B-A648-4F09-9CE2-152B2DF5DE6F}.Release|Any CPU.Build.0 = Release|Any CPU
		{5D4D5EB0-D0E8-41A4-A670-4325071EDDFC}.Debug|Any CPU.ActiveCfg = Debug|Any CPU
		{5D4D5EB0-D0E8-41A4-A670-4325071EDDFC}.Debug|Any CPU.Build.0 = Debug|Any CPU
		{5D4D5EB0-D0E8-41A4-A670-4325071EDDFC}.Release|Any CPU.ActiveCfg = Release|Any CPU
		{5D4D5EB0-D0E8-41A4-A670-4325071EDDFC}.Release|Any CPU.Build.0 = Release|Any CPU
	EndGlobalSection
	GlobalSection(SolutionProperties) = preSolution
		HideSolutionNode = FALSE
	EndGlobalSection
	GlobalSection(ExtensibilityGlobals) = postSolution
		SolutionGuid = {98BABC79-E7AD-4FC4-8012-EC69E26A8A9B}
	EndGlobalSection
EndGlobal
